
Microsoft Visual Studio Solution File, Format Version 12.00
# Visual Studio 2012
Project("{FAE04EC0-301F-11D3-BF4B-00C04F79EFBC}") = "Sparkle", "Sparkle\Sparkle.csproj", "{038D07C2-F7E8-45E5-97DB-914960A29FDD}"
EndProject
Project("{2150E333-8FDC-42A3-9474-1A3956D46DE8}") = "Sparkle", "Sparkle", "{2BE6B5E9-63E5-4E08-9747-4CD8B494E793}"
EndProject
Project("{2150E333-8FDC-42A3-9474-1A3956D46DE8}") = "Student", "Student", "{37E5CBED-5DFA-42A2-ABDC-9BEB10022A72}"
EndProject
Project("{FAE04EC0-301F-11D3-BF4B-00C04F79EFBC}") = "Sparkle.Student.WinForm", "Sparkle\Student\Sparkle.Student.WinForm\Sparkle.Student.WinForm.csproj", "{82C303E3-6DF0-423F-977D-5718E6BF9ABC}"
EndProject
Project("{FAE04EC0-301F-11D3-BF4B-00C04F79EFBC}") = "Sparkle.Student.Facade", "Sparkle\Student\Sparkle.Student.Facade\Sparkle.Student.Facade.csproj", "{3AAC29D7-22E6-495E-9A9B-422906292655}"
EndProject
Project("{FAE04EC0-301F-11D3-BF4B-00C04F79EFBC}") = "Sparkle.Student.Component", "Sparkle\Student\Sparkle.Student.Component\Sparkle.Student.Component.csproj", "{BF0DB015-0372-4579-A5AD-56E2A6B4FD9C}"
EndProject
Project("{00D1A9C2-B5F0-4AF3-8072-F6C62B433612}") = "Database", "Sparkle\Database\Database.sqlproj", "{512A4767-F90C-419D-9ED9-AE02BE237244}"
EndProject
Global
	GlobalSection(SolutionConfigurationPlatforms) = preSolution
		Debug|Any CPU = Debug|Any CPU
		Release|Any CPU = Release|Any CPU
	EndGlobalSection
	GlobalSection(ProjectConfigurationPlatforms) = postSolution
		{038D07C2-F7E8-45E5-97DB-914960A29FDD}.Debug|Any CPU.ActiveCfg = Debug|Any CPU
		{038D07C2-F7E8-45E5-97DB-914960A29FDD}.Debug|Any CPU.Build.0 = Debug|Any CPU
		{038D07C2-F7E8-45E5-97DB-914960A29FDD}.Release|Any CPU.ActiveCfg = Release|Any CPU
		{038D07C2-F7E8-45E5-97DB-914960A29FDD}.Release|Any CPU.Build.0 = Release|Any CPU
		{82C303E3-6DF0-423F-977D-5718E6BF9ABC}.Debug|Any CPU.ActiveCfg = Debug|Any CPU
		{82C303E3-6DF0-423F-977D-5718E6BF9ABC}.Debug|Any CPU.Build.0 = Debug|Any CPU
		{82C303E3-6DF0-423F-977D-5718E6BF9ABC}.Release|Any CPU.ActiveCfg = Release|Any CPU
		{82C303E3-6DF0-423F-977D-5718E6BF9ABC}.Release|Any CPU.Build.0 = Release|Any CPU
		{3AAC29D7-22E6-495E-9A9B-422906292655}.Debug|Any CPU.ActiveCfg = Debug|Any CPU
		{3AAC29D7-22E6-495E-9A9B-422906292655}.Debug|Any CPU.Build.0 = Debug|Any CPU
		{3AAC29D7-22E6-495E-9A9B-422906292655}.Release|Any CPU.ActiveCfg = Release|Any CPU
		{3AAC29D7-22E6-495E-9A9B-422906292655}.Release|Any CPU.Build.0 = Release|Any CPU
		{BF0DB015-0372-4579-A5AD-56E2A6B4FD9C}.Debug|Any CPU.ActiveCfg = Debug|Any CPU
		{BF0DB015-0372-4579-A5AD-56E2A6B4FD9C}.Debug|Any CPU.Build.0 = Debug|Any CPU
		{BF0DB015-0372-4579-A5AD-56E2A6B4FD9C}.Release|Any CPU.ActiveCfg = Release|Any CPU
		{BF0DB015-0372-4579-A5AD-56E2A6B4FD9C}.Release|Any CPU.Build.0 = Release|Any CPU
		{512A4767-F90C-419D-9ED9-AE02BE237244}.Debug|Any CPU.ActiveCfg = Debug|Any CPU
		{512A4767-F90C-419D-9ED9-AE02BE237244}.Debug|Any CPU.Build.0 = Debug|Any CPU
		{512A4767-F90C-419D-9ED9-AE02BE237244}.Debug|Any CPU.Deploy.0 = Debug|Any CPU
		{512A4767-F90C-419D-9ED9-AE02BE237244}.Release|Any CPU.ActiveCfg = Release|Any CPU
		{512A4767-F90C-419D-9ED9-AE02BE237244}.Release|Any CPU.Build.0 = Release|Any CPU
		{512A4767-F90C-419D-9ED9-AE02BE237244}.Release|Any CPU.Deploy.0 = Release|Any CPU
	EndGlobalSection
	GlobalSection(SolutionProperties) = preSolution
		HideSolutionNode = FALSE
	EndGlobalSection
	GlobalSection(NestedProjects) = preSolution
		{038D07C2-F7E8-45E5-97DB-914960A29FDD} = {2BE6B5E9-63E5-4E08-9747-4CD8B494E793}
		{37E5CBED-5DFA-42A2-ABDC-9BEB10022A72} = {2BE6B5E9-63E5-4E08-9747-4CD8B494E793}
		{82C303E3-6DF0-423F-977D-5718E6BF9ABC} = {37E5CBED-5DFA-42A2-ABDC-9BEB10022A72}
		{3AAC29D7-22E6-495E-9A9B-422906292655} = {37E5CBED-5DFA-42A2-ABDC-9BEB10022A72}
		{BF0DB015-0372-4579-A5AD-56E2A6B4FD9C} = {37E5CBED-5DFA-42A2-ABDC-9BEB10022A72}
	EndGlobalSection
EndGlobal
