
Microsoft Visual Studio Solution File, Format Version 12.00
# Visual Studio 2012
Project("{FAE04EC0-301F-11D3-BF4B-00C04F79EFBC}") = "Sparkle", "Sparkle\Sparkle.csproj", "{038D07C2-F7E8-45E5-97DB-914960A29FDD}"
EndProject
Project("{2150E333-8FDC-42A3-9474-1A3956D46DE8}") = "Sparkle", "Sparkle", "{2BE6B5E9-63E5-4E08-9747-4CD8B494E793}"
EndProject
Project("{2150E333-8FDC-42A3-9474-1A3956D46DE8}") = "Student", "Student", "{37E5CBED-5DFA-42A2-ABDC-9BEB10022A72}"
EndProject
Project("{FAE04EC0-301F-11D3-BF4B-00C04F79EFBC}") = "Sparkle.Student.WinForm", "Sparkle\Student\Sparkle.Student.WinForm\Sparkle.Student.WinForm.csproj", "{82C303E3-6DF0-423F-977D-5718E6BF9ABC}"
EndProject
Project("{FAE04EC0-301F-11D3-BF4B-00C04F79EFBC}") = "Sparkle.Student.Facade", "Sparkle\Student\Sparkle.Student.Facade\Sparkle.Student.Facade.csproj", "{3AAC29D7-22E6-495E-9A9B-422906292655}"
EndProject
Project("{FAE04EC0-301F-11D3-BF4B-00C04F79EFBC}") = "Sparkle.Student.Component", "Sparkle\Student\Sparkle.Student.Component\Sparkle.Student.Component.csproj", "{BF0DB015-0372-4579-A5AD-56E2A6B4FD9C}"
EndProject
Project("{00D1A9C2-B5F0-4AF3-8072-F6C62B433612}") = "Database", "Sparkle\Database\Database.sqlproj", "{512A4767-F90C-419D-9ED9-AE02BE237244}"
EndProject
Project("{2150E333-8FDC-42A3-9474-1A3956D46DE8}") = "Office", "Office", "{5C20E871-5175-47F6-ACA1-5739C658E6D8}"
EndProject
Project("{2150E333-8FDC-42A3-9474-1A3956D46DE8}") = "IT", "IT", "{0123DC2E-0B36-4B22-A8FD-CEC46C3BE22F}"
EndProject
Project("{2150E333-8FDC-42A3-9474-1A3956D46DE8}") = "School", "School", "{9E6D0B28-8D60-4590-BA04-E9A4393D3264}"
EndProject
Project("{FAE04EC0-301F-11D3-BF4B-00C04F79EFBC}") = "Sparkle.School.WinForm", "Sparkle\School\Sparkle.School.WinForm\Sparkle.School.WinForm.csproj", "{D8F953F0-9ABF-47CE-98C1-DF155434CDDE}"
EndProject
Project("{2150E333-8FDC-42A3-9474-1A3956D46DE8}") = "HR", "HR", "{4C15658C-9995-44A2-B48F-9F639553F033}"
EndProject
Project("{FAE04EC0-301F-11D3-BF4B-00C04F79EFBC}") = "Sparkle.HR.WinForm", "Sparkle\HR\Sparkle.HR.WinForm\Sparkle.HR.WinForm.csproj", "{F01E8020-280A-4B5D-B6B6-421E253D7C93}"
EndProject
Project("{FAE04EC0-301F-11D3-BF4B-00C04F79EFBC}") = "Sparkle.IT.WinForm", "Sparkle\IT\Sparkle.IT.WinForm\Sparkle.IT.WinForm.csproj", "{CB73FBF8-DE0A-48CE-97F5-D0D4A323B422}"
EndProject
Project("{FAE04EC0-301F-11D3-BF4B-00C04F79EFBC}") = "Sparkle.Office.WinForm", "Sparkle\Office\Sparkle.Office.WinForm\Sparkle.Office.WinForm.csproj", "{7E4CEF79-CBE6-45AC-8F71-997475875CBF}"
EndProject
Project("{FAE04EC0-301F-11D3-BF4B-00C04F79EFBC}") = "Sparkle.Core", "Sparkle\Sparkle.Core\Sparkle.Core.csproj", "{DE8C61E5-9C06-404F-AE93-6ED1EC58808A}"
EndProject
Project("{FAE04EC0-301F-11D3-BF4B-00C04F79EFBC}") = "Sparkle.Utility", "Sparkle\Sparkle.Utility\Sparkle.Utility.csproj", "{4C600695-201C-4A27-ADE0-99ACD2A0C935}"
EndProject
Project("{2150E333-8FDC-42A3-9474-1A3956D46DE8}") = "Examination", "Examination", "{803253A7-D1EF-4F79-84BB-B6A01924C8F5}"
EndProject
Project("{FAE04EC0-301F-11D3-BF4B-00C04F79EFBC}") = "Sparkle.School.Examination.Winform", "Sparkle\School\Examination\Sparkle.School.Examination.Winform\Sparkle.School.Examination.Winform.csproj", "{0969072C-A6F1-46EB-B241-0B248DF487A1}"
EndProject
Project("{2150E333-8FDC-42A3-9474-1A3956D46DE8}") = "Crystal", "Crystal", "{44BBAD74-4FFC-472A-B850-5A66CD03D830}"
EndProject
Project("{2150E333-8FDC-42A3-9474-1A3956D46DE8}") = "Configuration", "Configuration", "{8C70F2CE-691B-4207-BE11-F73ACB3E1C0A}"
EndProject
Project("{FAE04EC0-301F-11D3-BF4B-00C04F79EFBC}") = "Crystal.Configuration.Component", "Crystal\Configuration\Crystal.Configuration.Component\Crystal.Configuration.Component.csproj", "{2C1A698F-760A-4B91-8F91-4F3A579D7D12}"
EndProject
Project("{2150E333-8FDC-42A3-9474-1A3956D46DE8}") = "Billing", "Billing", "{75C3AF1F-9ED9-418D-82D5-5FDA73FF41D7}"
EndProject
Project("{FAE04EC0-301F-11D3-BF4B-00C04F79EFBC}") = "Sparkle.School.Component", "Sparkle\School\Sparkle.School.Component\Sparkle.School.Component.csproj", "{46B8CD01-7963-45C4-B168-2ADD149C7DAD}"
EndProject
Project("{2150E333-8FDC-42A3-9474-1A3956D46DE8}") = "Configuration", "Configuration", "{EF0BE1A4-E0CF-4324-BB75-BD3AC31335F1}"
EndProject
Project("{FAE04EC0-301F-11D3-BF4B-00C04F79EFBC}") = "Sparkle.Configuration.Facade", "Sparkle\Configuration\Sparkle.Configuration.Facade\Sparkle.Configuration.Facade.csproj", "{F6940D8B-541D-4E0B-BE95-9F51DFACA156}"
EndProject
Project("{FAE04EC0-301F-11D3-BF4B-00C04F79EFBC}") = "Sparkle.Configuration.WinForm", "Sparkle\Configuration\Sparkle.Configuration.WinForm\Sparkle.Configuration.WinForm.csproj", "{0492DD92-37C2-44CD-9AD7-0D3ABC632FBA}"
EndProject
Global
	GlobalSection(SolutionConfigurationPlatforms) = preSolution
		Debug|Any CPU = Debug|Any CPU
		Release|Any CPU = Release|Any CPU
	EndGlobalSection
	GlobalSection(ProjectConfigurationPlatforms) = postSolution
		{038D07C2-F7E8-45E5-97DB-914960A29FDD}.Debug|Any CPU.ActiveCfg = Debug|Any CPU
		{038D07C2-F7E8-45E5-97DB-914960A29FDD}.Debug|Any CPU.Build.0 = Debug|Any CPU
		{038D07C2-F7E8-45E5-97DB-914960A29FDD}.Release|Any CPU.ActiveCfg = Release|Any CPU
		{038D07C2-F7E8-45E5-97DB-914960A29FDD}.Release|Any CPU.Build.0 = Release|Any CPU
		{82C303E3-6DF0-423F-977D-5718E6BF9ABC}.Debug|Any CPU.ActiveCfg = Debug|Any CPU
		{82C303E3-6DF0-423F-977D-5718E6BF9ABC}.Debug|Any CPU.Build.0 = Debug|Any CPU
		{82C303E3-6DF0-423F-977D-5718E6BF9ABC}.Release|Any CPU.ActiveCfg = Release|Any CPU
		{82C303E3-6DF0-423F-977D-5718E6BF9ABC}.Release|Any CPU.Build.0 = Release|Any CPU
		{3AAC29D7-22E6-495E-9A9B-422906292655}.Debug|Any CPU.ActiveCfg = Debug|Any CPU
		{3AAC29D7-22E6-495E-9A9B-422906292655}.Debug|Any CPU.Build.0 = Debug|Any CPU
		{3AAC29D7-22E6-495E-9A9B-422906292655}.Release|Any CPU.ActiveCfg = Release|Any CPU
		{3AAC29D7-22E6-495E-9A9B-422906292655}.Release|Any CPU.Build.0 = Release|Any CPU
		{BF0DB015-0372-4579-A5AD-56E2A6B4FD9C}.Debug|Any CPU.ActiveCfg = Debug|Any CPU
		{BF0DB015-0372-4579-A5AD-56E2A6B4FD9C}.Debug|Any CPU.Build.0 = Debug|Any CPU
		{BF0DB015-0372-4579-A5AD-56E2A6B4FD9C}.Release|Any CPU.ActiveCfg = Release|Any CPU
		{BF0DB015-0372-4579-A5AD-56E2A6B4FD9C}.Release|Any CPU.Build.0 = Release|Any CPU
		{512A4767-F90C-419D-9ED9-AE02BE237244}.Debug|Any CPU.ActiveCfg = Debug|Any CPU
		{512A4767-F90C-419D-9ED9-AE02BE237244}.Debug|Any CPU.Build.0 = Debug|Any CPU
		{512A4767-F90C-419D-9ED9-AE02BE237244}.Debug|Any CPU.Deploy.0 = Debug|Any CPU
		{512A4767-F90C-419D-9ED9-AE02BE237244}.Release|Any CPU.ActiveCfg = Release|Any CPU
		{512A4767-F90C-419D-9ED9-AE02BE237244}.Release|Any CPU.Build.0 = Release|Any CPU
		{512A4767-F90C-419D-9ED9-AE02BE237244}.Release|Any CPU.Deploy.0 = Release|Any CPU
		{D8F953F0-9ABF-47CE-98C1-DF155434CDDE}.Debug|Any CPU.ActiveCfg = Debug|Any CPU
		{D8F953F0-9ABF-47CE-98C1-DF155434CDDE}.Debug|Any CPU.Build.0 = Debug|Any CPU
		{D8F953F0-9ABF-47CE-98C1-DF155434CDDE}.Release|Any CPU.ActiveCfg = Release|Any CPU
		{D8F953F0-9ABF-47CE-98C1-DF155434CDDE}.Release|Any CPU.Build.0 = Release|Any CPU
		{F01E8020-280A-4B5D-B6B6-421E253D7C93}.Debug|Any CPU.ActiveCfg = Debug|Any CPU
		{F01E8020-280A-4B5D-B6B6-421E253D7C93}.Debug|Any CPU.Build.0 = Debug|Any CPU
		{F01E8020-280A-4B5D-B6B6-421E253D7C93}.Release|Any CPU.ActiveCfg = Release|Any CPU
		{F01E8020-280A-4B5D-B6B6-421E253D7C93}.Release|Any CPU.Build.0 = Release|Any CPU
		{CB73FBF8-DE0A-48CE-97F5-D0D4A323B422}.Debug|Any CPU.ActiveCfg = Debug|Any CPU
		{CB73FBF8-DE0A-48CE-97F5-D0D4A323B422}.Debug|Any CPU.Build.0 = Debug|Any CPU
		{CB73FBF8-DE0A-48CE-97F5-D0D4A323B422}.Release|Any CPU.ActiveCfg = Release|Any CPU
		{CB73FBF8-DE0A-48CE-97F5-D0D4A323B422}.Release|Any CPU.Build.0 = Release|Any CPU
		{7E4CEF79-CBE6-45AC-8F71-997475875CBF}.Debug|Any CPU.ActiveCfg = Debug|Any CPU
		{7E4CEF79-CBE6-45AC-8F71-997475875CBF}.Debug|Any CPU.Build.0 = Debug|Any CPU
		{7E4CEF79-CBE6-45AC-8F71-997475875CBF}.Release|Any CPU.ActiveCfg = Release|Any CPU
		{7E4CEF79-CBE6-45AC-8F71-997475875CBF}.Release|Any CPU.Build.0 = Release|Any CPU
		{DE8C61E5-9C06-404F-AE93-6ED1EC58808A}.Debug|Any CPU.ActiveCfg = Debug|Any CPU
		{DE8C61E5-9C06-404F-AE93-6ED1EC58808A}.Debug|Any CPU.Build.0 = Debug|Any CPU
		{DE8C61E5-9C06-404F-AE93-6ED1EC58808A}.Release|Any CPU.ActiveCfg = Release|Any CPU
		{DE8C61E5-9C06-404F-AE93-6ED1EC58808A}.Release|Any CPU.Build.0 = Release|Any CPU
		{4C600695-201C-4A27-ADE0-99ACD2A0C935}.Debug|Any CPU.ActiveCfg = Debug|Any CPU
		{4C600695-201C-4A27-ADE0-99ACD2A0C935}.Debug|Any CPU.Build.0 = Debug|Any CPU
		{4C600695-201C-4A27-ADE0-99ACD2A0C935}.Release|Any CPU.ActiveCfg = Release|Any CPU
		{4C600695-201C-4A27-ADE0-99ACD2A0C935}.Release|Any CPU.Build.0 = Release|Any CPU
		{0969072C-A6F1-46EB-B241-0B248DF487A1}.Debug|Any CPU.ActiveCfg = Debug|Any CPU
		{0969072C-A6F1-46EB-B241-0B248DF487A1}.Debug|Any CPU.Build.0 = Debug|Any CPU
		{0969072C-A6F1-46EB-B241-0B248DF487A1}.Release|Any CPU.ActiveCfg = Release|Any CPU
		{0969072C-A6F1-46EB-B241-0B248DF487A1}.Release|Any CPU.Build.0 = Release|Any CPU
		{2C1A698F-760A-4B91-8F91-4F3A579D7D12}.Debug|Any CPU.ActiveCfg = Debug|Any CPU
		{2C1A698F-760A-4B91-8F91-4F3A579D7D12}.Debug|Any CPU.Build.0 = Debug|Any CPU
		{2C1A698F-760A-4B91-8F91-4F3A579D7D12}.Release|Any CPU.ActiveCfg = Release|Any CPU
		{2C1A698F-760A-4B91-8F91-4F3A579D7D12}.Release|Any CPU.Build.0 = Release|Any CPU
		{46B8CD01-7963-45C4-B168-2ADD149C7DAD}.Debug|Any CPU.ActiveCfg = Debug|Any CPU
		{46B8CD01-7963-45C4-B168-2ADD149C7DAD}.Debug|Any CPU.Build.0 = Debug|Any CPU
		{46B8CD01-7963-45C4-B168-2ADD149C7DAD}.Release|Any CPU.ActiveCfg = Release|Any CPU
		{46B8CD01-7963-45C4-B168-2ADD149C7DAD}.Release|Any CPU.Build.0 = Release|Any CPU
		{F6940D8B-541D-4E0B-BE95-9F51DFACA156}.Debug|Any CPU.ActiveCfg = Debug|Any CPU
		{F6940D8B-541D-4E0B-BE95-9F51DFACA156}.Debug|Any CPU.Build.0 = Debug|Any CPU
		{F6940D8B-541D-4E0B-BE95-9F51DFACA156}.Release|Any CPU.ActiveCfg = Release|Any CPU
		{F6940D8B-541D-4E0B-BE95-9F51DFACA156}.Release|Any CPU.Build.0 = Release|Any CPU
		{0492DD92-37C2-44CD-9AD7-0D3ABC632FBA}.Debug|Any CPU.ActiveCfg = Debug|Any CPU
		{0492DD92-37C2-44CD-9AD7-0D3ABC632FBA}.Debug|Any CPU.Build.0 = Debug|Any CPU
		{0492DD92-37C2-44CD-9AD7-0D3ABC632FBA}.Release|Any CPU.ActiveCfg = Release|Any CPU
		{0492DD92-37C2-44CD-9AD7-0D3ABC632FBA}.Release|Any CPU.Build.0 = Release|Any CPU
	EndGlobalSection
	GlobalSection(SolutionProperties) = preSolution
		HideSolutionNode = FALSE
	EndGlobalSection
	GlobalSection(NestedProjects) = preSolution
		{038D07C2-F7E8-45E5-97DB-914960A29FDD} = {2BE6B5E9-63E5-4E08-9747-4CD8B494E793}
		{37E5CBED-5DFA-42A2-ABDC-9BEB10022A72} = {2BE6B5E9-63E5-4E08-9747-4CD8B494E793}
		{512A4767-F90C-419D-9ED9-AE02BE237244} = {2BE6B5E9-63E5-4E08-9747-4CD8B494E793}
		{5C20E871-5175-47F6-ACA1-5739C658E6D8} = {2BE6B5E9-63E5-4E08-9747-4CD8B494E793}
		{0123DC2E-0B36-4B22-A8FD-CEC46C3BE22F} = {2BE6B5E9-63E5-4E08-9747-4CD8B494E793}
		{9E6D0B28-8D60-4590-BA04-E9A4393D3264} = {2BE6B5E9-63E5-4E08-9747-4CD8B494E793}
		{4C15658C-9995-44A2-B48F-9F639553F033} = {2BE6B5E9-63E5-4E08-9747-4CD8B494E793}
		{DE8C61E5-9C06-404F-AE93-6ED1EC58808A} = {2BE6B5E9-63E5-4E08-9747-4CD8B494E793}
		{4C600695-201C-4A27-ADE0-99ACD2A0C935} = {2BE6B5E9-63E5-4E08-9747-4CD8B494E793}
		{EF0BE1A4-E0CF-4324-BB75-BD3AC31335F1} = {2BE6B5E9-63E5-4E08-9747-4CD8B494E793}
		{82C303E3-6DF0-423F-977D-5718E6BF9ABC} = {37E5CBED-5DFA-42A2-ABDC-9BEB10022A72}
		{3AAC29D7-22E6-495E-9A9B-422906292655} = {37E5CBED-5DFA-42A2-ABDC-9BEB10022A72}
		{BF0DB015-0372-4579-A5AD-56E2A6B4FD9C} = {37E5CBED-5DFA-42A2-ABDC-9BEB10022A72}
		{7E4CEF79-CBE6-45AC-8F71-997475875CBF} = {5C20E871-5175-47F6-ACA1-5739C658E6D8}
		{CB73FBF8-DE0A-48CE-97F5-D0D4A323B422} = {0123DC2E-0B36-4B22-A8FD-CEC46C3BE22F}
		{D8F953F0-9ABF-47CE-98C1-DF155434CDDE} = {9E6D0B28-8D60-4590-BA04-E9A4393D3264}
		{803253A7-D1EF-4F79-84BB-B6A01924C8F5} = {9E6D0B28-8D60-4590-BA04-E9A4393D3264}
		{75C3AF1F-9ED9-418D-82D5-5FDA73FF41D7} = {9E6D0B28-8D60-4590-BA04-E9A4393D3264}
		{46B8CD01-7963-45C4-B168-2ADD149C7DAD} = {9E6D0B28-8D60-4590-BA04-E9A4393D3264}
		{F01E8020-280A-4B5D-B6B6-421E253D7C93} = {4C15658C-9995-44A2-B48F-9F639553F033}
		{0969072C-A6F1-46EB-B241-0B248DF487A1} = {803253A7-D1EF-4F79-84BB-B6A01924C8F5}
		{8C70F2CE-691B-4207-BE11-F73ACB3E1C0A} = {44BBAD74-4FFC-472A-B850-5A66CD03D830}
		{2C1A698F-760A-4B91-8F91-4F3A579D7D12} = {8C70F2CE-691B-4207-BE11-F73ACB3E1C0A}
		{F6940D8B-541D-4E0B-BE95-9F51DFACA156} = {EF0BE1A4-E0CF-4324-BB75-BD3AC31335F1}
		{0492DD92-37C2-44CD-9AD7-0D3ABC632FBA} = {EF0BE1A4-E0CF-4324-BB75-BD3AC31335F1}
	EndGlobalSection
EndGlobal
